
Microsoft Visual Studio Solution File, Format Version 12.00
# Visual Studio Version 17
VisualStudioVersion = 17.9.34321.82
MinimumVisualStudioVersion = 10.0.40219.1
Project("{FAE04EC0-301F-11D3-BF4B-00C04F79EFBC}") = "TableHost", "TableHost\TableHost.csproj", "{126E5B4F-2BEE-43F2-93CA-C4743FD393EE}"
EndProject
Global
	GlobalSection(SolutionConfigurationPlatforms) = preSolution
		Debug|Any CPU = Debug|Any CPU
		Release|Any CPU = Release|Any CPU
	EndGlobalSection
	GlobalSection(ProjectConfigurationPlatforms) = postSolution
		{126E5B4F-2BEE-43F2-93CA-C4743FD393EE}.Debug|Any CPU.ActiveCfg = Debug|Any CPU
		{126E5B4F-2BEE-43F2-93CA-C4743FD393EE}.Debug|Any CPU.Build.0 = Debug|Any CPU
		{126E5B4F-2BEE-43F2-93CA-C4743FD393EE}.Release|Any CPU.ActiveCfg = Release|Any CPU
		{126E5B4F-2BEE-43F2-93CA-C4743FD393EE}.Release|Any CPU.Build.0 = Release|Any CPU
	EndGlobalSection
	GlobalSection(SolutionProperties) = preSolution
		HideSolutionNode = FALSE
	EndGlobalSection
	GlobalSection(ExtensibilityGlobals) = postSolution
		SolutionGuid = {C9CADF7C-240A-457A-B024-97F31357F329}
	EndGlobalSection
EndGlobal
